
Microsoft Visual Studio Solution File, Format Version 12.00
# Visual Studio Version 17
VisualStudioVersion = 17.3.32819.101
MinimumVisualStudioVersion = 10.0.40219.1
Project("{FAE04EC0-301F-11D3-BF4B-00C04F79EFBC}") = "DPTest", "DPTest\DPTest.csproj", "{3657DEB3-869A-4B3C-A6CA-1654908840A4}"
EndProject
Global
	GlobalSection(SolutionConfigurationPlatforms) = preSolution
		Debug|Any CPU = Debug|Any CPU
		Release|Any CPU = Release|Any CPU
	EndGlobalSection
	GlobalSection(ProjectConfigurationPlatforms) = postSolution
		{3657DEB3-869A-4B3C-A6CA-1654908840A4}.Debug|Any CPU.ActiveCfg = Debug|Any CPU
		{3657DEB3-869A-4B3C-A6CA-1654908840A4}.Debug|Any CPU.Build.0 = Debug|Any CPU
		{3657DEB3-869A-4B3C-A6CA-1654908840A4}.Release|Any CPU.ActiveCfg = Release|Any CPU
		{3657DEB3-869A-4B3C-A6CA-1654908840A4}.Release|Any CPU.Build.0 = Release|Any CPU
	EndGlobalSection
	GlobalSection(SolutionProperties) = preSolution
		HideSolutionNode = FALSE
	EndGlobalSection
	GlobalSection(ExtensibilityGlobals) = postSolution
		SolutionGuid = {E0069DDA-5A56-4E75-A15D-1336CDE86965}
	EndGlobalSection
EndGlobal
